
Microsoft Visual Studio Solution File, Format Version 12.00
# Visual Studio 15
VisualStudioVersion = 15.0.26228.4
MinimumVisualStudioVersion = 10.0.40219.1
Project("{FAE04EC0-301F-11D3-BF4B-00C04F79EFBC}") = "EasyZMq", "EasyZMq\EasyZMq.csproj", "{2D17DDF4-40BE-4A87-B20A-BA4F650EBC50}"
EndProject
Project("{FAE04EC0-301F-11D3-BF4B-00C04F79EFBC}") = "EasyZMq.Log4Net", "EasyZMq.Log4Net\EasyZMq.Log4Net.csproj", "{829C4596-FCAD-47D2-8468-19C694859128}"
EndProject
Project("{FAE04EC0-301F-11D3-BF4B-00C04F79EFBC}") = "EasyZMq.Tests", "EasyZMq.Tests\EasyZMq.Tests.csproj", "{9ACC4416-C253-4EB5-9820-CD6D96C1C103}"
EndProject
Global
	GlobalSection(SolutionConfigurationPlatforms) = preSolution
		Debug|Any CPU = Debug|Any CPU
		Release|Any CPU = Release|Any CPU
	EndGlobalSection
	GlobalSection(ProjectConfigurationPlatforms) = postSolution
		{2D17DDF4-40BE-4A87-B20A-BA4F650EBC50}.Debug|Any CPU.ActiveCfg = Debug|Any CPU
		{2D17DDF4-40BE-4A87-B20A-BA4F650EBC50}.Debug|Any CPU.Build.0 = Debug|Any CPU
		{2D17DDF4-40BE-4A87-B20A-BA4F650EBC50}.Release|Any CPU.ActiveCfg = Release|Any CPU
		{2D17DDF4-40BE-4A87-B20A-BA4F650EBC50}.Release|Any CPU.Build.0 = Release|Any CPU
		{829C4596-FCAD-47D2-8468-19C694859128}.Debug|Any CPU.ActiveCfg = Debug|Any CPU
		{829C4596-FCAD-47D2-8468-19C694859128}.Debug|Any CPU.Build.0 = Debug|Any CPU
		{829C4596-FCAD-47D2-8468-19C694859128}.Release|Any CPU.ActiveCfg = Release|Any CPU
		{829C4596-FCAD-47D2-8468-19C694859128}.Release|Any CPU.Build.0 = Release|Any CPU
		{9ACC4416-C253-4EB5-9820-CD6D96C1C103}.Debug|Any CPU.ActiveCfg = Debug|Any CPU
		{9ACC4416-C253-4EB5-9820-CD6D96C1C103}.Debug|Any CPU.Build.0 = Debug|Any CPU
		{9ACC4416-C253-4EB5-9820-CD6D96C1C103}.Release|Any CPU.ActiveCfg = Release|Any CPU
		{9ACC4416-C253-4EB5-9820-CD6D96C1C103}.Release|Any CPU.Build.0 = Release|Any CPU
	EndGlobalSection
	GlobalSection(SolutionProperties) = preSolution
		HideSolutionNode = FALSE
	EndGlobalSection
EndGlobal
